
Microsoft Visual Studio Solution File, Format Version 12.00
# Visual Studio Version 17
VisualStudioVersion = 17.11.35327.3
MinimumVisualStudioVersion = 10.0.40219.1
Project("{FAE04EC0-301F-11D3-BF4B-00C04F79EFBC}") = "OrderApi.Representation", "OrderApi.Representation\OrderApi.Representation.csproj", "{EE27D679-62D5-41CD-947B-CB2774CDB78D}"
EndProject
Project("{FAE04EC0-301F-11D3-BF4B-00C04F79EFBC}") = "OrderApi.Application", "OrderApi.Application\OrderApi.Application.csproj", "{BF695434-20D2-44E8-9E08-90222156CFE5}"
EndProject
Project("{FAE04EC0-301F-11D3-BF4B-00C04F79EFBC}") = "OrderApi.Core", "OrderApi.Core\OrderApi.Core.csproj", "{1092C09C-AC67-4969-A6D5-E311B0E04C9B}"
EndProject
Project("{FAE04EC0-301F-11D3-BF4B-00C04F79EFBC}") = "OrderApi.Infrastructure", "OrderApi.Infrastructure\OrderApi.Infrastructure.csproj", "{6237FD62-BBCE-40DD-8A4A-59C1D12F1162}"
EndProject
Project("{9A19103F-16F7-4668-BE54-9A1E7A4F7556}") = "Ecommerce.SharedLibrary", "..\DemoEcommerceSharedLibrary\Ecommerce.SharedLibrary\Ecommerce.SharedLibrary.csproj", "{0934AE65-84D3-4E11-9C04-97F049DF15C8}"
EndProject
Global
	GlobalSection(SolutionConfigurationPlatforms) = preSolution
		Debug|Any CPU = Debug|Any CPU
		Release|Any CPU = Release|Any CPU
	EndGlobalSection
	GlobalSection(ProjectConfigurationPlatforms) = postSolution
		{EE27D679-62D5-41CD-947B-CB2774CDB78D}.Debug|Any CPU.ActiveCfg = Debug|Any CPU
		{EE27D679-62D5-41CD-947B-CB2774CDB78D}.Debug|Any CPU.Build.0 = Debug|Any CPU
		{EE27D679-62D5-41CD-947B-CB2774CDB78D}.Release|Any CPU.ActiveCfg = Release|Any CPU
		{EE27D679-62D5-41CD-947B-CB2774CDB78D}.Release|Any CPU.Build.0 = Release|Any CPU
		{BF695434-20D2-44E8-9E08-90222156CFE5}.Debug|Any CPU.ActiveCfg = Debug|Any CPU
		{BF695434-20D2-44E8-9E08-90222156CFE5}.Debug|Any CPU.Build.0 = Debug|Any CPU
		{BF695434-20D2-44E8-9E08-90222156CFE5}.Release|Any CPU.ActiveCfg = Release|Any CPU
		{BF695434-20D2-44E8-9E08-90222156CFE5}.Release|Any CPU.Build.0 = Release|Any CPU
		{1092C09C-AC67-4969-A6D5-E311B0E04C9B}.Debug|Any CPU.ActiveCfg = Debug|Any CPU
		{1092C09C-AC67-4969-A6D5-E311B0E04C9B}.Debug|Any CPU.Build.0 = Debug|Any CPU
		{1092C09C-AC67-4969-A6D5-E311B0E04C9B}.Release|Any CPU.ActiveCfg = Release|Any CPU
		{1092C09C-AC67-4969-A6D5-E311B0E04C9B}.Release|Any CPU.Build.0 = Release|Any CPU
		{6237FD62-BBCE-40DD-8A4A-59C1D12F1162}.Debug|Any CPU.ActiveCfg = Debug|Any CPU
		{6237FD62-BBCE-40DD-8A4A-59C1D12F1162}.Debug|Any CPU.Build.0 = Debug|Any CPU
		{6237FD62-BBCE-40DD-8A4A-59C1D12F1162}.Release|Any CPU.ActiveCfg = Release|Any CPU
		{6237FD62-BBCE-40DD-8A4A-59C1D12F1162}.Release|Any CPU.Build.0 = Release|Any CPU
		{0934AE65-84D3-4E11-9C04-97F049DF15C8}.Debug|Any CPU.ActiveCfg = Debug|Any CPU
		{0934AE65-84D3-4E11-9C04-97F049DF15C8}.Debug|Any CPU.Build.0 = Debug|Any CPU
		{0934AE65-84D3-4E11-9C04-97F049DF15C8}.Release|Any CPU.ActiveCfg = Release|Any CPU
		{0934AE65-84D3-4E11-9C04-97F049DF15C8}.Release|Any CPU.Build.0 = Release|Any CPU
	EndGlobalSection
	GlobalSection(SolutionProperties) = preSolution
		HideSolutionNode = FALSE
	EndGlobalSection
	GlobalSection(ExtensibilityGlobals) = postSolution
		SolutionGuid = {2B1972D6-1855-4D8B-ADE6-AB0D42B08B69}
	EndGlobalSection
EndGlobal
